
Microsoft Visual Studio Solution File, Format Version 12.00
# Visual Studio Version 16
VisualStudioVersion = 16.0.31205.134
MinimumVisualStudioVersion = 10.0.40219.1
Project("{FAE04EC0-301F-11D3-BF4B-00C04F79EFBC}") = "NotepadApplication", "NotpadApplication\NotepadApplication.csproj", "{9B292BA6-1032-44F2-A711-BA2AF1F29E10}"
EndProject
Global
	GlobalSection(SolutionConfigurationPlatforms) = preSolution
		Debug|Any CPU = Debug|Any CPU
		Release|Any CPU = Release|Any CPU
	EndGlobalSection
	GlobalSection(ProjectConfigurationPlatforms) = postSolution
		{9B292BA6-1032-44F2-A711-BA2AF1F29E10}.Debug|Any CPU.ActiveCfg = Debug|Any CPU
		{9B292BA6-1032-44F2-A711-BA2AF1F29E10}.Debug|Any CPU.Build.0 = Debug|Any CPU
		{9B292BA6-1032-44F2-A711-BA2AF1F29E10}.Release|Any CPU.ActiveCfg = Release|Any CPU
		{9B292BA6-1032-44F2-A711-BA2AF1F29E10}.Release|Any CPU.Build.0 = Release|Any CPU
	EndGlobalSection
	GlobalSection(SolutionProperties) = preSolution
		HideSolutionNode = FALSE
	EndGlobalSection
	GlobalSection(ExtensibilityGlobals) = postSolution
		SolutionGuid = {8ABBB935-A790-463C-BB7A-98E210617B34}
	EndGlobalSection
EndGlobal
